
Microsoft Visual Studio Solution File, Format Version 12.00
# Visual Studio Version 17
VisualStudioVersion = 17.2.32516.85
MinimumVisualStudioVersion = 10.0.40219.1
Project("{9A19103F-16F7-4668-BE54-9A1E7A4F7556}") = "BookStore.Lib", "BookStore.Lib\BookStore.Lib.csproj", "{7C686FF4-2CC2-4975-B7DD-3ED212701625}"
EndProject
Project("{9A19103F-16F7-4668-BE54-9A1E7A4F7556}") = "BookStore.Tests", "BookStore.Tests\BookStore.Tests.csproj", "{DF79FAE5-9246-4B8F-BDBC-3C0F261F6A03}"
EndProject
Global
	GlobalSection(SolutionConfigurationPlatforms) = preSolution
		Debug|Any CPU = Debug|Any CPU
		Release|Any CPU = Release|Any CPU
	EndGlobalSection
	GlobalSection(ProjectConfigurationPlatforms) = postSolution
		{7C686FF4-2CC2-4975-B7DD-3ED212701625}.Debug|Any CPU.ActiveCfg = Debug|Any CPU
		{7C686FF4-2CC2-4975-B7DD-3ED212701625}.Debug|Any CPU.Build.0 = Debug|Any CPU
		{7C686FF4-2CC2-4975-B7DD-3ED212701625}.Release|Any CPU.ActiveCfg = Release|Any CPU
		{7C686FF4-2CC2-4975-B7DD-3ED212701625}.Release|Any CPU.Build.0 = Release|Any CPU
		{DF79FAE5-9246-4B8F-BDBC-3C0F261F6A03}.Debug|Any CPU.ActiveCfg = Debug|Any CPU
		{DF79FAE5-9246-4B8F-BDBC-3C0F261F6A03}.Debug|Any CPU.Build.0 = Debug|Any CPU
		{DF79FAE5-9246-4B8F-BDBC-3C0F261F6A03}.Release|Any CPU.ActiveCfg = Release|Any CPU
		{DF79FAE5-9246-4B8F-BDBC-3C0F261F6A03}.Release|Any CPU.Build.0 = Release|Any CPU
	EndGlobalSection
	GlobalSection(SolutionProperties) = preSolution
		HideSolutionNode = FALSE
	EndGlobalSection
	GlobalSection(ExtensibilityGlobals) = postSolution
		SolutionGuid = {BCC3A552-BCF9-450B-865A-810281BE695E}
	EndGlobalSection
EndGlobal
